// !$*UTF8*$!
{
	archiveVersion = 1;
	classes = {
	};
	objectVersion = 46;
	objects = {

/* Begin PBXBuildFile section */
		DA8981EC1E768C8800CDBE2F /* AppDelegate.swift in Sources */ = {isa = PBXBuildFile; fileRef = DA8981EB1E768C8800CDBE2F /* AppDelegate.swift */; };
		DA8981EE1E768C8800CDBE2F /* ViewController.swift in Sources */ = {isa = PBXBuildFile; fileRef = DA8981ED1E768C8800CDBE2F /* ViewController.swift */; };
		DA8981F01E768C8800CDBE2F /* Assets.xcassets in Resources */ = {isa = PBXBuildFile; fileRef = DA8981EF1E768C8800CDBE2F /* Assets.xcassets */; };
		DA8981F31E768C8800CDBE2F /* Main.storyboard in Resources */ = {isa = PBXBuildFile; fileRef = DA8981F11E768C8800CDBE2F /* Main.storyboard */; };
		DA8981FE1E768C8800CDBE2F /* AlgorithmTests.swift in Sources */ = {isa = PBXBuildFile; fileRef = DA8981FD1E768C8800CDBE2F /* AlgorithmTests.swift */; };
		DA8982091E768C8800CDBE2F /* AlgorithmUITests.swift in Sources */ = {isa = PBXBuildFile; fileRef = DA8982081E768C8800CDBE2F /* AlgorithmUITests.swift */; };
		DA8982181E768D6300CDBE2F /* SortFunction.swift in Sources */ = {isa = PBXBuildFile; fileRef = DA8982171E768D6300CDBE2F /* SortFunction.swift */; };
/* End PBXBuildFile section */

/* Begin PBXContainerItemProxy section */
		DA8981FA1E768C8800CDBE2F /* PBXContainerItemProxy */ = {
			isa = PBXContainerItemProxy;
			containerPortal = DA8981E01E768C8800CDBE2F /* Project object */;
			proxyType = 1;
			remoteGlobalIDString = DA8981E71E768C8800CDBE2F;
			remoteInfo = Algorithm;
		};
		DA8982051E768C8800CDBE2F /* PBXContainerItemProxy */ = {
			isa = PBXContainerItemProxy;
			containerPortal = DA8981E01E768C8800CDBE2F /* Project object */;
			proxyType = 1;
			remoteGlobalIDString = DA8981E71E768C8800CDBE2F;
			remoteInfo = Algorithm;
		};
/* End PBXContainerItemProxy section */

/* Begin PBXFileReference section */
		DA8981E81E768C8800CDBE2F /* Algorithm.app */ = {isa = PBXFileReference; explicitFileType = wrapper.application; includeInIndex = 0; path = Algorithm.app; sourceTree = BUILT_PRODUCTS_DIR; };
		DA8981EB1E768C8800CDBE2F /* AppDelegate.swift */ = {isa = PBXFileReference; lastKnownFileType = sourcecode.swift; path = AppDelegate.swift; sourceTree = "<group>"; };
		DA8981ED1E768C8800CDBE2F /* ViewController.swift */ = {isa = PBXFileReference; lastKnownFileType = sourcecode.swift; path = ViewController.swift; sourceTree = "<group>"; };
		DA8981EF1E768C8800CDBE2F /* Assets.xcassets */ = {isa = PBXFileReference; lastKnownFileType = folder.assetcatalog; path = Assets.xcassets; sourceTree = "<group>"; };
		DA8981F21E768C8800CDBE2F /* Base */ = {isa = PBXFileReference; lastKnownFileType = file.storyboard; name = Base; path = Base.lproj/Main.storyboard; sourceTree = "<group>"; };
		DA8981F41E768C8800CDBE2F /* Info.plist */ = {isa = PBXFileReference; lastKnownFileType = text.plist.xml; path = Info.plist; sourceTree = "<group>"; };
		DA8981F91E768C8800CDBE2F /* AlgorithmTests.xctest */ = {isa = PBXFileReference; explicitFileType = wrapper.cfbundle; includeInIndex = 0; path = AlgorithmTests.xctest; sourceTree = BUILT_PRODUCTS_DIR; };
		DA8981FD1E768C8800CDBE2F /* AlgorithmTests.swift */ = {isa = PBXFileReference; lastKnownFileType = sourcecode.swift; path = AlgorithmTests.swift; sourceTree = "<group>"; };
		DA8981FF1E768C8800CDBE2F /* Info.plist */ = {isa = PBXFileReference; lastKnownFileType = text.plist.xml; path = Info.plist; sourceTree = "<group>"; };
		DA8982041E768C8800CDBE2F /* AlgorithmUITests.xctest */ = {isa = PBXFileReference; explicitFileType = wrapper.cfbundle; includeInIndex = 0; path = AlgorithmUITests.xctest; sourceTree = BUILT_PRODUCTS_DIR; };
		DA8982081E768C8800CDBE2F /* AlgorithmUITests.swift */ = {isa = PBXFileReference; lastKnownFileType = sourcecode.swift; path = AlgorithmUITests.swift; sourceTree = "<group>"; };
		DA89820A1E768C8800CDBE2F /* Info.plist */ = {isa = PBXFileReference; lastKnownFileType = text.plist.xml; path = Info.plist; sourceTree = "<group>"; };
		DA8982171E768D6300CDBE2F /* SortFunction.swift */ = {isa = PBXFileReference; fileEncoding = 4; lastKnownFileType = sourcecode.swift; path = SortFunction.swift; sourceTree = "<group>"; };
/* End PBXFileReference section */

/* Begin PBXFrameworksBuildPhase section */
		DA8981E51E768C8800CDBE2F /* Frameworks */ = {
			isa = PBXFrameworksBuildPhase;
			buildActionMask = 2147483647;
			files = (
			);
			runOnlyForDeploymentPostprocessing = 0;
		};
		DA8981F61E768C8800CDBE2F /* Frameworks */ = {
			isa = PBXFrameworksBuildPhase;
			buildActionMask = 2147483647;
			files = (
			);
			runOnlyForDeploymentPostprocessing = 0;
		};
		DA8982011E768C8800CDBE2F /* Frameworks */ = {
			isa = PBXFrameworksBuildPhase;
			buildActionMask = 2147483647;
			files = (
			);
			runOnlyForDeploymentPostprocessing = 0;
		};
/* End PBXFrameworksBuildPhase section */

/* Begin PBXGroup section */
		DA8981DF1E768C8800CDBE2F = {
			isa = PBXGroup;
			children = (
				DA8981EA1E768C8800CDBE2F /* Algorithm */,
				DA8981FC1E768C8800CDBE2F /* AlgorithmTests */,
				DA8982071E768C8800CDBE2F /* AlgorithmUITests */,
				DA8981E91E768C8800CDBE2F /* Products */,
			);
			sourceTree = "<group>";
		};
		DA8981E91E768C8800CDBE2F /* Products */ = {
			isa = PBXGroup;
			children = (
				DA8981E81E768C8800CDBE2F /* Algorithm.app */,
				DA8981F91E768C8800CDBE2F /* AlgorithmTests.xctest */,
				DA8982041E768C8800CDBE2F /* AlgorithmUITests.xctest */,
			);
			name = Products;
			sourceTree = "<group>";
		};
		DA8981EA1E768C8800CDBE2F /* Algorithm */ = {
			isa = PBXGroup;
			children = (
				DA8982161E768D2600CDBE2F /* Sort */,
				DA8981EB1E768C8800CDBE2F /* AppDelegate.swift */,
				DA8981ED1E768C8800CDBE2F /* ViewController.swift */,
				DA8981EF1E768C8800CDBE2F /* Assets.xcassets */,
				DA8981F11E768C8800CDBE2F /* Main.storyboard */,
				DA8981F41E768C8800CDBE2F /* Info.plist */,
			);
			path = Algorithm;
			sourceTree = "<group>";
		};
		DA8981FC1E768C8800CDBE2F /* AlgorithmTests */ = {
			isa = PBXGroup;
			children = (
				DA8981FD1E768C8800CDBE2F /* AlgorithmTests.swift */,
				DA8981FF1E768C8800CDBE2F /* Info.plist */,
			);
			path = AlgorithmTests;
			sourceTree = "<group>";
		};
		DA8982071E768C8800CDBE2F /* AlgorithmUITests */ = {
			isa = PBXGroup;
			children = (
				DA8982081E768C8800CDBE2F /* AlgorithmUITests.swift */,
				DA89820A1E768C8800CDBE2F /* Info.plist */,
			);
			path = AlgorithmUITests;
			sourceTree = "<group>";
		};
		DA8982161E768D2600CDBE2F /* Sort */ = {
			isa = PBXGroup;
			children = (
				DA8982171E768D6300CDBE2F /* SortFunction.swift */,
			);
			name = Sort;
			sourceTree = "<group>";
		};
/* End PBXGroup section */

/* Begin PBXNativeTarget section */
		DA8981E71E768C8800CDBE2F /* Algorithm */ = {
			isa = PBXNativeTarget;
			buildConfigurationList = DA89820D1E768C8800CDBE2F /* Build configuration list for PBXNativeTarget "Algorithm" */;
			buildPhases = (
				DA8981E41E768C8800CDBE2F /* Sources */,
				DA8981E51E768C8800CDBE2F /* Frameworks */,
				DA8981E61E768C8800CDBE2F /* Resources */,
			);
			buildRules = (
			);
			dependencies = (
			);
			name = Algorithm;
			productName = Algorithm;
			productReference = DA8981E81E768C8800CDBE2F /* Algorithm.app */;
			productType = "com.apple.product-type.application";
		};
		DA8981F81E768C8800CDBE2F /* AlgorithmTests */ = {
			isa = PBXNativeTarget;
			buildConfigurationList = DA8982101E768C8900CDBE2F /* Build configuration list for PBXNativeTarget "AlgorithmTests" */;
			buildPhases = (
				DA8981F51E768C8800CDBE2F /* Sources */,
				DA8981F61E768C8800CDBE2F /* Frameworks */,
				DA8981F71E768C8800CDBE2F /* Resources */,
			);
			buildRules = (
			);
			dependencies = (
				DA8981FB1E768C8800CDBE2F /* PBXTargetDependency */,
			);
			name = AlgorithmTests;
			productName = AlgorithmTests;
			productReference = DA8981F91E768C8800CDBE2F /* AlgorithmTests.xctest */;
			productType = "com.apple.product-type.bundle.unit-test";
		};
		DA8982031E768C8800CDBE2F /* AlgorithmUITests */ = {
			isa = PBXNativeTarget;
			buildConfigurationList = DA8982131E768C8900CDBE2F /* Build configuration list for PBXNativeTarget "AlgorithmUITests" */;
			buildPhases = (
				DA8982001E768C8800CDBE2F /* Sources */,
				DA8982011E768C8800CDBE2F /* Frameworks */,
				DA8982021E768C8800CDBE2F /* Resources */,
			);
			buildRules = (
			);
			dependencies = (
				DA8982061E768C8800CDBE2F /* PBXTargetDependency */,
			);
			name = AlgorithmUITests;
			productName = AlgorithmUITests;
			productReference = DA8982041E768C8800CDBE2F /* AlgorithmUITests.xctest */;
			productType = "com.apple.product-type.bundle.ui-testing";
		};
/* End PBXNativeTarget section */

/* Begin PBXProject section */
		DA8981E01E768C8800CDBE2F /* Project object */ = {
			isa = PBXProject;
			attributes = {
				LastSwiftUpdateCheck = 0820;
				LastUpgradeCheck = 0820;
				ORGANIZATIONNAME = Ivan.lin;
				TargetAttributes = {
					DA8981E71E768C8800CDBE2F = {
						CreatedOnToolsVersion = 8.2.1;
						ProvisioningStyle = Automatic;
					};
					DA8981F81E768C8800CDBE2F = {
						CreatedOnToolsVersion = 8.2.1;
						ProvisioningStyle = Automatic;
						TestTargetID = DA8981E71E768C8800CDBE2F;
					};
					DA8982031E768C8800CDBE2F = {
						CreatedOnToolsVersion = 8.2.1;
						ProvisioningStyle = Automatic;
						TestTargetID = DA8981E71E768C8800CDBE2F;
					};
				};
			};
			buildConfigurationList = DA8981E31E768C8800CDBE2F /* Build configuration list for PBXProject "Algorithm" */;
			compatibilityVersion = "Xcode 3.2";
			developmentRegion = English;
			hasScannedForEncodings = 0;
			knownRegions = (
				en,
				Base,
			);
			mainGroup = DA8981DF1E768C8800CDBE2F;
			productRefGroup = DA8981E91E768C8800CDBE2F /* Products */;
			projectDirPath = "";
			projectRoot = "";
			targets = (
				DA8981E71E768C8800CDBE2F /* Algorithm */,
				DA8981F81E768C8800CDBE2F /* AlgorithmTests */,
				DA8982031E768C8800CDBE2F /* AlgorithmUITests */,
			);
		};
/* End PBXProject section */

/* Begin PBXResourcesBuildPhase section */
		DA8981E61E768C8800CDBE2F /* Resources */ = {
			isa = PBXResourcesBuildPhase;
			buildActionMask = 2147483647;
			files = (
				DA8981F01E768C8800CDBE2F /* Assets.xcassets in Resources */,
				DA8981F31E768C8800CDBE2F /* Main.storyboard in Resources */,
			);
			runOnlyForDeploymentPostprocessing = 0;
		};
		DA8981F71E768C8800CDBE2F /* Resources */ = {
			isa = PBXResourcesBuildPhase;
			buildActionMask = 2147483647;
			files = (
			);
			runOnlyForDeploymentPostprocessing = 0;
		};
		DA8982021E768C8800CDBE2F /* Resources */ = {
			isa = PBXResourcesBuildPhase;
			buildActionMask = 2147483647;
			files = (
			);
			runOnlyForDeploymentPostprocessing = 0;
		};
/* End PBXResourcesBuildPhase section */

/* Begin PBXSourcesBuildPhase section */
		DA8981E41E768C8800CDBE2F /* Sources */ = {
			isa = PBXSourcesBuildPhase;
			buildActionMask = 2147483647;
			files = (
				DA8981EE1E768C8800CDBE2F /* ViewController.swift in Sources */,
				DA8981EC1E768C8800CDBE2F /* AppDelegate.swift in Sources */,
				DA8982181E768D6300CDBE2F /* SortFunction.swift in Sources */,
			);
			runOnlyForDeploymentPostprocessing = 0;
		};
		DA8981F51E768C8800CDBE2F /* Sources */ = {
			isa = PBXSourcesBuildPhase;
			buildActionMask = 2147483647;
			files = (
				DA8981FE1E768C8800CDBE2F /* AlgorithmTests.swift in Sources */,
			);
			runOnlyForDeploymentPostprocessing = 0;
		};
		DA8982001E768C8800CDBE2F /* Sources */ = {
			isa = PBXSourcesBuildPhase;
			buildActionMask = 2147483647;
			files = (
				DA8982091E768C8800CDBE2F /* AlgorithmUITests.swift in Sources */,
			);
			runOnlyForDeploymentPostprocessing = 0;
		};
/* End PBXSourcesBuildPhase section */

/* Begin PBXTargetDependency section */
		DA8981FB1E768C8800CDBE2F /* PBXTargetDependency */ = {
			isa = PBXTargetDependency;
			target = DA8981E71E768C8800CDBE2F /* Algorithm */;
			targetProxy = DA8981FA1E768C8800CDBE2F /* PBXContainerItemProxy */;
		};
		DA8982061E768C8800CDBE2F /* PBXTargetDependency */ = {
			isa = PBXTargetDependency;
			target = DA8981E71E768C8800CDBE2F /* Algorithm */;
			targetProxy = DA8982051E768C8800CDBE2F /* PBXContainerItemProxy */;
		};
/* End PBXTargetDependency section */

/* Begin PBXVariantGroup section */
		DA8981F11E768C8800CDBE2F /* Main.storyboard */ = {
			isa = PBXVariantGroup;
			children = (
				DA8981F21E768C8800CDBE2F /* Base */,
			);
			name = Main.storyboard;
			sourceTree = "<group>";
		};
/* End PBXVariantGroup section */

/* Begin XCBuildConfiguration section */
		DA89820B1E768C8800CDBE2F /* Debug */ = {
			isa = XCBuildConfiguration;
			buildSettings = {
				ALWAYS_SEARCH_USER_PATHS = NO;
				CLANG_ANALYZER_NONNULL = YES;
				CLANG_CXX_LANGUAGE_STANDARD = "gnu++0x";
				CLANG_CXX_LIBRARY = "libc++";
				CLANG_ENABLE_MODULES = YES;
				CLANG_ENABLE_OBJC_ARC = YES;
				CLANG_WARN_BOOL_CONVERSION = YES;
				CLANG_WARN_CONSTANT_CONVERSION = YES;
				CLANG_WARN_DIRECT_OBJC_ISA_USAGE = YES_ERROR;
				CLANG_WARN_DOCUMENTATION_COMMENTS = YES;
				CLANG_WARN_EMPTY_BODY = YES;
				CLANG_WARN_ENUM_CONVERSION = YES;
				CLANG_WARN_INFINITE_RECURSION = YES;
				CLANG_WARN_INT_CONVERSION = YES;
				CLANG_WARN_OBJC_ROOT_CLASS = YES_ERROR;
				CLANG_WARN_SUSPICIOUS_MOVE = YES;
				CLANG_WARN_UNREACHABLE_CODE = YES;
				CLANG_WARN__DUPLICATE_METHOD_MATCH = YES;
				CODE_SIGN_IDENTITY = "-";
				COPY_PHASE_STRIP = NO;
				DEBUG_INFORMATION_FORMAT = dwarf;
				ENABLE_STRICT_OBJC_MSGSEND = YES;
				ENABLE_TESTABILITY = YES;
				GCC_C_LANGUAGE_STANDARD = gnu99;
				GCC_DYNAMIC_NO_PIC = NO;
				GCC_NO_COMMON_BLOCKS = YES;
				GCC_OPTIMIZATION_LEVEL = 0;
				GCC_PREPROCESSOR_DEFINITIONS = (
					"DEBUG=1",
					"$(inherited)",
				);
				GCC_WARN_64_TO_32_BIT_CONVERSION = YES;
				GCC_WARN_ABOUT_RETURN_TYPE = YES_ERROR;
				GCC_WARN_UNDECLARED_SELECTOR = YES;
				GCC_WARN_UNINITIALIZED_AUTOS = YES_AGGRESSIVE;
				GCC_WARN_UNUSED_FUNCTION = YES;
				GCC_WARN_UNUSED_VARIABLE = YES;
				MACOSX_DEPLOYMENT_TARGET = 10.12;
				MTL_ENABLE_DEBUG_INFO = YES;
				ONLY_ACTIVE_ARCH = YES;
				SDKROOT = macosx;
				SWIFT_ACTIVE_COMPILATION_CONDITIONS = DEBUG;
				SWIFT_OPTIMIZATION_LEVEL = "-Onone";
			};
			name = Debug;
		};
		DA89820C1E768C8800CDBE2F /* Release */ = {
			isa = XCBuildConfiguration;
			buildSettings = {
				ALWAYS_SEARCH_USER_PATHS = NO;
				CLANG_ANALYZER_NONNULL = YES;
				CLANG_CXX_LANGUAGE_STANDARD = "gnu++0x";
				CLANG_CXX_LIBRARY = "libc++";
				CLANG_ENABLE_MODULES = YES;
				CLANG_ENABLE_OBJC_ARC = YES;
				CLANG_WARN_BOOL_CONVERSION = YES;
				CLANG_WARN_CONSTANT_CONVERSION = YES;
				CLANG_WARN_DIRECT_OBJC_ISA_USAGE = YES_ERROR;
				CLANG_WARN_DOCUMENTATION_COMMENTS = YES;
				CLANG_WARN_EMPTY_BODY = YES;
				CLANG_WARN_ENUM_CONVERSION = YES;
				CLANG_WARN_INFINITE_RECURSION = YES;
				CLANG_WARN_INT_CONVERSION = YES;
				CLANG_WARN_OBJC_ROOT_CLASS = YES_ERROR;
				CLANG_WARN_SUSPICIOUS_MOVE = YES;
				CLANG_WARN_UNREACHABLE_CODE = YES;
				CLANG_WARN__DUPLICATE_METHOD_MATCH = YES;
				CODE_SIGN_IDENTITY = "-";
				COPY_PHASE_STRIP = NO;
				DEBUG_INFORMATION_FORMAT = "dwarf-with-dsym";
				ENABLE_NS_ASSERTIONS = NO;
				ENABLE_STRICT_OBJC_MSGSEND = YES;
				GCC_C_LANGUAGE_STANDARD = gnu99;
				GCC_NO_COMMON_BLOCKS = YES;
				GCC_WARN_64_TO_32_BIT_CONVERSION = YES;
				GCC_WARN_ABOUT_RETURN_TYPE = YES_ERROR;
				GCC_WARN_UNDECLARED_SELECTOR = YES;
				GCC_WARN_UNINITIALIZED_AUTOS = YES_AGGRESSIVE;
				GCC_WARN_UNUSED_FUNCTION = YES;
				GCC_WARN_UNUSED_VARIABLE = YES;
				MACOSX_DEPLOYMENT_TARGET = 10.12;
				MTL_ENABLE_DEBUG_INFO = NO;
				SDKROOT = macosx;
				SWIFT_OPTIMIZATION_LEVEL = "-Owholemodule";
			};
			name = Release;
		};
		DA89820E1E768C8800CDBE2F /* Debug */ = {
			isa = XCBuildConfiguration;
			buildSettings = {
				ASSETCATALOG_COMPILER_APPICON_NAME = AppIcon;
				COMBINE_HIDPI_IMAGES = YES;
				INFOPLIST_FILE = Algorithm/Info.plist;
				LD_RUNPATH_SEARCH_PATHS = "$(inherited) @executable_path/../Frameworks";
				PRODUCT_BUNDLE_IDENTIFIER = ivan.lin.Algorithm;
				PRODUCT_NAME = "$(TARGET_NAME)";
				SWIFT_VERSION = 3.0;
			};
			name = Debug;
		};
		DA89820F1E768C8800CDBE2F /* Release */ = {
			isa = XCBuildConfiguration;
			buildSettings = {
				ASSETCATALOG_COMPILER_APPICON_NAME = AppIcon;
				COMBINE_HIDPI_IMAGES = YES;
				INFOPLIST_FILE = Algorithm/Info.plist;
				LD_RUNPATH_SEARCH_PATHS = "$(inherited) @executable_path/../Frameworks";
				PRODUCT_BUNDLE_IDENTIFIER = ivan.lin.Algorithm;
				PRODUCT_NAME = "$(TARGET_NAME)";
				SWIFT_VERSION = 3.0;
			};
			name = Release;
		};
		DA8982111E768C8900CDBE2F /* Debug */ = {
			isa = XCBuildConfiguration;
			buildSettings = {
				ALWAYS_EMBED_SWIFT_STANDARD_LIBRARIES = YES;
				BUNDLE_LOADER = "$(TEST_HOST)";
				COMBINE_HIDPI_IMAGES = YES;
				INFOPLIST_FILE = AlgorithmTests/Info.plist;
				LD_RUNPATH_SEARCH_PATHS = "$(inherited) @executable_path/../Frameworks @loader_path/../Frameworks";
				PRODUCT_BUNDLE_IDENTIFIER = ivan.lin.AlgorithmTests;
				PRODUCT_NAME = "$(TARGET_NAME)";
				SWIFT_VERSION = 3.0;
				TEST_HOST = "$(BUILT_PRODUCTS_DIR)/Algorithm.app/Contents/MacOS/Algorithm";
			};
			name = Debug;
		};
		DA8982121E768C8900CDBE2F /* Release */ = {
			isa = XCBuildConfiguration;
			buildSettings = {
				ALWAYS_EMBED_SWIFT_STANDARD_LIBRARIES = YES;
				BUNDLE_LOADER = "$(TEST_HOST)";
				COMBINE_HIDPI_IMAGES = YES;
				INFOPLIST_FILE = AlgorithmTests/Info.plist;
				LD_RUNPATH_SEARCH_PATHS = "$(inherited) @executable_path/../Frameworks @loader_path/../Frameworks";
				PRODUCT_BUNDLE_IDENTIFIER = ivan.lin.AlgorithmTests;
				PRODUCT_NAME = "$(TARGET_NAME)";
				SWIFT_VERSION = 3.0;
				TEST_HOST = "$(BUILT_PRODUCTS_DIR)/Algorithm.app/Contents/MacOS/Algorithm";
			};
			name = Release;
		};
		DA8982141E768C8900CDBE2F /* Debug */ = {
			isa = XCBuildConfiguration;
			buildSettings = {
				ALWAYS_EMBED_SWIFT_STANDARD_LIBRARIES = YES;
				COMBINE_HIDPI_IMAGES = YES;
				INFOPLIST_FILE = AlgorithmUITests/Info.plist;
				LD_RUNPATH_SEARCH_PATHS = "$(inherited) @executable_path/../Frameworks @loader_path/../Frameworks";
				PRODUCT_BUNDLE_IDENTIFIER = ivan.lin.AlgorithmUITests;
				PRODUCT_NAME = "$(TARGET_NAME)";
				SWIFT_VERSION = 3.0;
				TEST_TARGET_NAME = Algorithm;
			};
			name = Debug;
		};
		DA8982151E768C8900CDBE2F /* Release */ = {
			isa = XCBuildConfiguration;
			buildSettings = {
				ALWAYS_EMBED_SWIFT_STANDARD_LIBRARIES = YES;
				COMBINE_HIDPI_IMAGES = YES;
				INFOPLIST_FILE = AlgorithmUITests/Info.plist;
				LD_RUNPATH_SEARCH_PATHS = "$(inherited) @executable_path/../Frameworks @loader_path/../Frameworks";
				PRODUCT_BUNDLE_IDENTIFIER = ivan.lin.AlgorithmUITests;
				PRODUCT_NAME = "$(TARGET_NAME)";
				SWIFT_VERSION = 3.0;
				TEST_TARGET_NAME = Algorithm;
			};
			name = Release;
		};
/* End XCBuildConfiguration section */

/* Begin XCConfigurationList section */
		DA8981E31E768C8800CDBE2F /* Build configuration list for PBXProject "Algorithm" */ = {
			isa = XCConfigurationList;
			buildConfigurations = (
				DA89820B1E768C8800CDBE2F /* Debug */,
				DA89820C1E768C8800CDBE2F /* Release */,
			);
			defaultConfigurationIsVisible = 0;
			defaultConfigurationName = Release;
		};
		DA89820D1E768C8800CDBE2F /* Build configuration list for PBXNativeTarget "Algorithm" */ = {
			isa = XCConfigurationList;
			buildConfigurations = (
				DA89820E1E768C8800CDBE2F /* Debug */,
				DA89820F1E768C8800CDBE2F /* Release */,
			);
			defaultConfigurationIsVisible = 0;
		};
		DA8982101E768C8900CDBE2F /* Build configuration list for PBXNativeTarget "AlgorithmTests" */ = {
			isa = XCConfigurationList;
			buildConfigurations = (
				DA8982111E768C8900CDBE2F /* Debug */,
				DA8982121E768C8900CDBE2F /* Release */,
			);
			defaultConfigurationIsVisible = 0;
		};
		DA8982131E768C8900CDBE2F /* Build configuration list for PBXNativeTarget "AlgorithmUITests" */ = {
			isa = XCConfigurationList;
			buildConfigurations = (
				DA8982141E768C8900CDBE2F /* Debug */,
				DA8982151E768C8900CDBE2F /* Release */,
			);
			defaultConfigurationIsVisible = 0;
		};
/* End XCConfigurationList section */
	};
	rootObject = DA8981E01E768C8800CDBE2F /* Project object */;
}
